
Microsoft Visual Studio Solution File, Format Version 12.00
# Visual Studio 15
VisualStudioVersion = 15.0.28307.852
MinimumVisualStudioVersion = 10.0.40219.1
Project("{FAE04EC0-301F-11D3-BF4B-00C04F79EFBC}") = "CarInsuranceMVC", "CarInsuraceMVC\CarInsuranceMVC.csproj", "{651094FF-3814-4790-AEE9-79981C35BC93}"
EndProject
Global
	GlobalSection(SolutionConfigurationPlatforms) = preSolution
		Debug|Any CPU = Debug|Any CPU
		Release|Any CPU = Release|Any CPU
	EndGlobalSection
	GlobalSection(ProjectConfigurationPlatforms) = postSolution
		{651094FF-3814-4790-AEE9-79981C35BC93}.Debug|Any CPU.ActiveCfg = Debug|Any CPU
		{651094FF-3814-4790-AEE9-79981C35BC93}.Debug|Any CPU.Build.0 = Debug|Any CPU
		{651094FF-3814-4790-AEE9-79981C35BC93}.Release|Any CPU.ActiveCfg = Release|Any CPU
		{651094FF-3814-4790-AEE9-79981C35BC93}.Release|Any CPU.Build.0 = Release|Any CPU
	EndGlobalSection
	GlobalSection(SolutionProperties) = preSolution
		HideSolutionNode = FALSE
	EndGlobalSection
	GlobalSection(ExtensibilityGlobals) = postSolution
		SolutionGuid = {5F9BE1BB-B33A-48A0-9864-D710507134E7}
	EndGlobalSection
EndGlobal
